// !$*UTF8*$!
{
	archiveVersion = 1;
	classes = {
	};
	objectVersion = 46;
	objects = {

/* Begin PBXBuildFile section */
		9BB5B4191DBEC6600073A955 /* AppDelegate.swift in Sources */ = {isa = PBXBuildFile; fileRef = 9BB5B4181DBEC6600073A955 /* AppDelegate.swift */; };
		9BB5B4201DBEC6600073A955 /* Assets.xcassets in Resources */ = {isa = PBXBuildFile; fileRef = 9BB5B41F1DBEC6600073A955 /* Assets.xcassets */; };
		9BB5B4231DBEC6600073A955 /* LaunchScreen.storyboard in Resources */ = {isa = PBXBuildFile; fileRef = 9BB5B4211DBEC6600073A955 /* LaunchScreen.storyboard */; };
		9BB5B42B1DBEC6C70073A955 /* HomeViewController.swift in Sources */ = {isa = PBXBuildFile; fileRef = 9BB5B42A1DBEC6C70073A955 /* HomeViewController.swift */; };
		9BB5B42D1DBEC6D70073A955 /* DropboxHome.storyboard in Resources */ = {isa = PBXBuildFile; fileRef = 9BB5B42C1DBEC6D70073A955 /* DropboxHome.storyboard */; };
		9BBF84D91DBED0B8004D80A7 /* DropboxHandler.swift in Sources */ = {isa = PBXBuildFile; fileRef = 9BBF84D81DBED0B8004D80A7 /* DropboxHandler.swift */; };
		9BE726731DBFCE9300451CF4 /* superheroes.json in Resources */ = {isa = PBXBuildFile; fileRef = 9BE726721DBFCE9300451CF4 /* superheroes.json */; };
		9F299BA5F18FB816C3AFB521 /* Pods_DropBoxSync.framework in Frameworks */ = {isa = PBXBuildFile; fileRef = 098E5B4D7FAEFDB07A06337E /* Pods_DropBoxSync.framework */; };
/* End PBXBuildFile section */

/* Begin PBXFileReference section */
		098E5B4D7FAEFDB07A06337E /* Pods_DropBoxSync.framework */ = {isa = PBXFileReference; explicitFileType = wrapper.framework; includeInIndex = 0; path = Pods_DropBoxSync.framework; sourceTree = BUILT_PRODUCTS_DIR; };
		95EE7484E53ABEB7680B1BAA /* Pods-DropBoxSync.debug.xcconfig */ = {isa = PBXFileReference; includeInIndex = 1; lastKnownFileType = text.xcconfig; name = "Pods-DropBoxSync.debug.xcconfig"; path = "Pods/Target Support Files/Pods-DropBoxSync/Pods-DropBoxSync.debug.xcconfig"; sourceTree = "<group>"; };
		9BB5B4151DBEC6600073A955 /* DropBoxSync.app */ = {isa = PBXFileReference; explicitFileType = wrapper.application; includeInIndex = 0; path = DropBoxSync.app; sourceTree = BUILT_PRODUCTS_DIR; };
		9BB5B4181DBEC6600073A955 /* AppDelegate.swift */ = {isa = PBXFileReference; lastKnownFileType = sourcecode.swift; path = AppDelegate.swift; sourceTree = "<group>"; };
		9BB5B41F1DBEC6600073A955 /* Assets.xcassets */ = {isa = PBXFileReference; lastKnownFileType = folder.assetcatalog; path = Assets.xcassets; sourceTree = "<group>"; };
		9BB5B4221DBEC6600073A955 /* Base */ = {isa = PBXFileReference; lastKnownFileType = file.storyboard; name = Base; path = Base.lproj/LaunchScreen.storyboard; sourceTree = "<group>"; };
		9BB5B4241DBEC6600073A955 /* Info.plist */ = {isa = PBXFileReference; lastKnownFileType = text.plist.xml; path = Info.plist; sourceTree = "<group>"; };
		9BB5B42A1DBEC6C70073A955 /* HomeViewController.swift */ = {isa = PBXFileReference; fileEncoding = 4; lastKnownFileType = sourcecode.swift; path = HomeViewController.swift; sourceTree = "<group>"; };
		9BB5B42C1DBEC6D70073A955 /* DropboxHome.storyboard */ = {isa = PBXFileReference; fileEncoding = 4; lastKnownFileType = file.storyboard; path = DropboxHome.storyboard; sourceTree = "<group>"; };
		9BBF84D71DBED087004D80A7 /* DropBoxSync.entitlements */ = {isa = PBXFileReference; lastKnownFileType = text.plist.entitlements; path = DropBoxSync.entitlements; sourceTree = "<group>"; };
		9BBF84D81DBED0B8004D80A7 /* DropboxHandler.swift */ = {isa = PBXFileReference; fileEncoding = 4; lastKnownFileType = sourcecode.swift; name = DropboxHandler.swift; path = ../DropboxHandler.swift; sourceTree = "<group>"; };
		9BE726721DBFCE9300451CF4 /* superheroes.json */ = {isa = PBXFileReference; fileEncoding = 4; lastKnownFileType = text.json; path = superheroes.json; sourceTree = "<group>"; };
		C27635F0F72E8EDA39F98D19 /* Pods-DropBoxSync.release.xcconfig */ = {isa = PBXFileReference; includeInIndex = 1; lastKnownFileType = text.xcconfig; name = "Pods-DropBoxSync.release.xcconfig"; path = "Pods/Target Support Files/Pods-DropBoxSync/Pods-DropBoxSync.release.xcconfig"; sourceTree = "<group>"; };
/* End PBXFileReference section */

/* Begin PBXFrameworksBuildPhase section */
		9BB5B4121DBEC6600073A955 /* Frameworks */ = {
			isa = PBXFrameworksBuildPhase;
			buildActionMask = 2147483647;
			files = (
				9F299BA5F18FB816C3AFB521 /* Pods_DropBoxSync.framework in Frameworks */,
			);
			runOnlyForDeploymentPostprocessing = 0;
		};
/* End PBXFrameworksBuildPhase section */

/* Begin PBXGroup section */
		9BB5B40C1DBEC6600073A955 = {
			isa = PBXGroup;
			children = (
				9BB5B4171DBEC6600073A955 /* DropBoxSync */,
				9BB5B4161DBEC6600073A955 /* Products */,
				F015309E0E9E0453FA65EFA8 /* Pods */,
				A4074DEA66314C54E8AC52BA /* Frameworks */,
			);
			sourceTree = "<group>";
		};
		9BB5B4161DBEC6600073A955 /* Products */ = {
			isa = PBXGroup;
			children = (
				9BB5B4151DBEC6600073A955 /* DropBoxSync.app */,
			);
			name = Products;
			sourceTree = "<group>";
		};
		9BB5B4171DBEC6600073A955 /* DropBoxSync */ = {
			isa = PBXGroup;
			children = (
				9BB5B4181DBEC6600073A955 /* AppDelegate.swift */,
				9BBF84DB1DBED1C8004D80A7 /* Dropbox */,
				9BB5B42E1DBEC6DB0073A955 /* View/ViewController */,
				9BBF84DA1DBED19E004D80A7 /* Other Files */,
			);
			path = DropBoxSync;
			sourceTree = "<group>";
		};
		9BB5B42E1DBEC6DB0073A955 /* View/ViewController */ = {
			isa = PBXGroup;
			children = (
				9BB5B42A1DBEC6C70073A955 /* HomeViewController.swift */,
				9BB5B42C1DBEC6D70073A955 /* DropboxHome.storyboard */,
			);
			name = View/ViewController;
			sourceTree = "<group>";
		};
		9BBF84DA1DBED19E004D80A7 /* Other Files */ = {
			isa = PBXGroup;
			children = (
				9BE726721DBFCE9300451CF4 /* superheroes.json */,
				9BB5B41F1DBEC6600073A955 /* Assets.xcassets */,
				9BB5B4241DBEC6600073A955 /* Info.plist */,
				9BB5B4211DBEC6600073A955 /* LaunchScreen.storyboard */,
				9BBF84D71DBED087004D80A7 /* DropBoxSync.entitlements */,
			);
			name = "Other Files";
			sourceTree = "<group>";
		};
		9BBF84DB1DBED1C8004D80A7 /* Dropbox */ = {
			isa = PBXGroup;
			children = (
				9BBF84D81DBED0B8004D80A7 /* DropboxHandler.swift */,
			);
			name = Dropbox;
			sourceTree = "<group>";
		};
		A4074DEA66314C54E8AC52BA /* Frameworks */ = {
			isa = PBXGroup;
			children = (
				098E5B4D7FAEFDB07A06337E /* Pods_DropBoxSync.framework */,
			);
			name = Frameworks;
			sourceTree = "<group>";
		};
		F015309E0E9E0453FA65EFA8 /* Pods */ = {
			isa = PBXGroup;
			children = (
				95EE7484E53ABEB7680B1BAA /* Pods-DropBoxSync.debug.xcconfig */,
				C27635F0F72E8EDA39F98D19 /* Pods-DropBoxSync.release.xcconfig */,
			);
			name = Pods;
			sourceTree = "<group>";
		};
/* End PBXGroup section */

/* Begin PBXNativeTarget section */
		9BB5B4141DBEC6600073A955 /* DropBoxSync */ = {
			isa = PBXNativeTarget;
			buildConfigurationList = 9BB5B4271DBEC6600073A955 /* Build configuration list for PBXNativeTarget "DropBoxSync" */;
			buildPhases = (
				3D64B50B38C778949B63DBFF /* [CP] Check Pods Manifest.lock */,
				9BB5B4111DBEC6600073A955 /* Sources */,
				9BB5B4121DBEC6600073A955 /* Frameworks */,
				9BB5B4131DBEC6600073A955 /* Resources */,
				EB0ED48C92C4E2C6360323FD /* [CP] Embed Pods Frameworks */,
				01DBAEF661356C6F7CF53B52 /* [CP] Copy Pods Resources */,
			);
			buildRules = (
			);
			dependencies = (
			);
			name = DropBoxSync;
			productName = DropBoxSync;
			productReference = 9BB5B4151DBEC6600073A955 /* DropBoxSync.app */;
			productType = "com.apple.product-type.application";
		};
/* End PBXNativeTarget section */

/* Begin PBXProject section */
		9BB5B40D1DBEC6600073A955 /* Project object */ = {
			isa = PBXProject;
			attributes = {
				LastSwiftUpdateCheck = 0800;
				LastUpgradeCheck = 0800;
				ORGANIZATIONNAME = Erdos;
				TargetAttributes = {
					9BB5B4141DBEC6600073A955 = {
						CreatedOnToolsVersion = 8.0;
						DevelopmentTeam = D95EZ83BDJ;
						ProvisioningStyle = Automatic;
						SystemCapabilities = {
							com.apple.Keychain = {
								enabled = 1;
							};
						};
					};
				};
			};
			buildConfigurationList = 9BB5B4101DBEC6600073A955 /* Build configuration list for PBXProject "DropboxSync" */;
			compatibilityVersion = "Xcode 3.2";
			developmentRegion = English;
			hasScannedForEncodings = 0;
			knownRegions = (
				en,
				Base,
			);
			mainGroup = 9BB5B40C1DBEC6600073A955;
			productRefGroup = 9BB5B4161DBEC6600073A955 /* Products */;
			projectDirPath = "";
			projectRoot = "";
			targets = (
				9BB5B4141DBEC6600073A955 /* DropBoxSync */,
			);
		};
/* End PBXProject section */

/* Begin PBXResourcesBuildPhase section */
		9BB5B4131DBEC6600073A955 /* Resources */ = {
			isa = PBXResourcesBuildPhase;
			buildActionMask = 2147483647;
			files = (
				9BB5B42D1DBEC6D70073A955 /* DropboxHome.storyboard in Resources */,
				9BE726731DBFCE9300451CF4 /* superheroes.json in Resources */,
				9BB5B4231DBEC6600073A955 /* LaunchScreen.storyboard in Resources */,
				9BB5B4201DBEC6600073A955 /* Assets.xcassets in Resources */,
			);
			runOnlyForDeploymentPostprocessing = 0;
		};
/* End PBXResourcesBuildPhase section */

/* Begin PBXShellScriptBuildPhase section */
		01DBAEF661356C6F7CF53B52 /* [CP] Copy Pods Resources */ = {
			isa = PBXShellScriptBuildPhase;
			buildActionMask = 2147483647;
			files = (
			);
			inputPaths = (
			);
			name = "[CP] Copy Pods Resources";
			outputPaths = (
			);
			runOnlyForDeploymentPostprocessing = 0;
			shellPath = /bin/sh;
			shellScript = "\"${SRCROOT}/Pods/Target Support Files/Pods-DropBoxSync/Pods-DropBoxSync-resources.sh\"\n";
			showEnvVarsInLog = 0;
		};
		3D64B50B38C778949B63DBFF /* [CP] Check Pods Manifest.lock */ = {
			isa = PBXShellScriptBuildPhase;
			buildActionMask = 2147483647;
			files = (
			);
			inputPaths = (
			);
			name = "[CP] Check Pods Manifest.lock";
			outputPaths = (
			);
			runOnlyForDeploymentPostprocessing = 0;
			shellPath = /bin/sh;
			shellScript = "diff \"${PODS_ROOT}/../Podfile.lock\" \"${PODS_ROOT}/Manifest.lock\" > /dev/null\nif [ $? != 0 ] ; then\n    # print error to STDERR\n    echo \"error: The sandbox is not in sync with the Podfile.lock. Run 'pod install' or update your CocoaPods installation.\" >&2\n    exit 1\nfi\n";
			showEnvVarsInLog = 0;
		};
		EB0ED48C92C4E2C6360323FD /* [CP] Embed Pods Frameworks */ = {
			isa = PBXShellScriptBuildPhase;
			buildActionMask = 2147483647;
			files = (
			);
			inputPaths = (
			);
			name = "[CP] Embed Pods Frameworks";
			outputPaths = (
			);
			runOnlyForDeploymentPostprocessing = 0;
			shellPath = /bin/sh;
			shellScript = "\"${SRCROOT}/Pods/Target Support Files/Pods-DropBoxSync/Pods-DropBoxSync-frameworks.sh\"\n";
			showEnvVarsInLog = 0;
		};
/* End PBXShellScriptBuildPhase section */

/* Begin PBXSourcesBuildPhase section */
		9BB5B4111DBEC6600073A955 /* Sources */ = {
			isa = PBXSourcesBuildPhase;
			buildActionMask = 2147483647;
			files = (
				9BB5B4191DBEC6600073A955 /* AppDelegate.swift in Sources */,
				9BBF84D91DBED0B8004D80A7 /* DropboxHandler.swift in Sources */,
				9BB5B42B1DBEC6C70073A955 /* HomeViewController.swift in Sources */,
			);
			runOnlyForDeploymentPostprocessing = 0;
		};
/* End PBXSourcesBuildPhase section */

/* Begin PBXVariantGroup section */
		9BB5B4211DBEC6600073A955 /* LaunchScreen.storyboard */ = {
			isa = PBXVariantGroup;
			children = (
				9BB5B4221DBEC6600073A955 /* Base */,
			);
			name = LaunchScreen.storyboard;
			sourceTree = "<group>";
		};
/* End PBXVariantGroup section */

/* Begin XCBuildConfiguration section */
		9BB5B4251DBEC6600073A955 /* Debug */ = {
			isa = XCBuildConfiguration;
			buildSettings = {
				ALWAYS_SEARCH_USER_PATHS = NO;
				CLANG_ANALYZER_NONNULL = YES;
				CLANG_CXX_LANGUAGE_STANDARD = "gnu++0x";
				CLANG_CXX_LIBRARY = "libc++";
				CLANG_ENABLE_MODULES = YES;
				CLANG_ENABLE_OBJC_ARC = YES;
				CLANG_WARN_BOOL_CONVERSION = YES;
				CLANG_WARN_CONSTANT_CONVERSION = YES;
				CLANG_WARN_DIRECT_OBJC_ISA_USAGE = YES_ERROR;
				CLANG_WARN_DOCUMENTATION_COMMENTS = YES;
				CLANG_WARN_EMPTY_BODY = YES;
				CLANG_WARN_ENUM_CONVERSION = YES;
				CLANG_WARN_INFINITE_RECURSION = YES;
				CLANG_WARN_INT_CONVERSION = YES;
				CLANG_WARN_OBJC_ROOT_CLASS = YES_ERROR;
				CLANG_WARN_SUSPICIOUS_MOVE = YES;
				CLANG_WARN_SUSPICIOUS_MOVES = YES;
				CLANG_WARN_UNREACHABLE_CODE = YES;
				CLANG_WARN__DUPLICATE_METHOD_MATCH = YES;
				"CODE_SIGN_IDENTITY[sdk=iphoneos*]" = "iPhone Developer";
				COPY_PHASE_STRIP = NO;
				DEBUG_INFORMATION_FORMAT = dwarf;
				ENABLE_STRICT_OBJC_MSGSEND = YES;
				ENABLE_TESTABILITY = YES;
				GCC_C_LANGUAGE_STANDARD = gnu99;
				GCC_DYNAMIC_NO_PIC = NO;
				GCC_NO_COMMON_BLOCKS = YES;
				GCC_OPTIMIZATION_LEVEL = 0;
				GCC_PREPROCESSOR_DEFINITIONS = (
					"DEBUG=1",
					"$(inherited)",
				);
				GCC_WARN_64_TO_32_BIT_CONVERSION = YES;
				GCC_WARN_ABOUT_RETURN_TYPE = YES_ERROR;
				GCC_WARN_UNDECLARED_SELECTOR = YES;
				GCC_WARN_UNINITIALIZED_AUTOS = YES_AGGRESSIVE;
				GCC_WARN_UNUSED_FUNCTION = YES;
				GCC_WARN_UNUSED_VARIABLE = YES;
				IPHONEOS_DEPLOYMENT_TARGET = 10.0;
				MTL_ENABLE_DEBUG_INFO = YES;
				ONLY_ACTIVE_ARCH = YES;
				SDKROOT = iphoneos;
				SWIFT_ACTIVE_COMPILATION_CONDITIONS = DEBUG;
				SWIFT_OPTIMIZATION_LEVEL = "-Onone";
			};
			name = Debug;
		};
		9BB5B4261DBEC6600073A955 /* Release */ = {
			isa = XCBuildConfiguration;
			buildSettings = {
				ALWAYS_SEARCH_USER_PATHS = NO;
				CLANG_ANALYZER_NONNULL = YES;
				CLANG_CXX_LANGUAGE_STANDARD = "gnu++0x";
				CLANG_CXX_LIBRARY = "libc++";
				CLANG_ENABLE_MODULES = YES;
				CLANG_ENABLE_OBJC_ARC = YES;
				CLANG_WARN_BOOL_CONVERSION = YES;
				CLANG_WARN_CONSTANT_CONVERSION = YES;
				CLANG_WARN_DIRECT_OBJC_ISA_USAGE = YES_ERROR;
				CLANG_WARN_DOCUMENTATION_COMMENTS = YES;
				CLANG_WARN_EMPTY_BODY = YES;
				CLANG_WARN_ENUM_CONVERSION = YES;
				CLANG_WARN_INFINITE_RECURSION = YES;
				CLANG_WARN_INT_CONVERSION = YES;
				CLANG_WARN_OBJC_ROOT_CLASS = YES_ERROR;
				CLANG_WARN_SUSPICIOUS_MOVE = YES;
				CLANG_WARN_SUSPICIOUS_MOVES = YES;
				CLANG_WARN_UNREACHABLE_CODE = YES;
				CLANG_WARN__DUPLICATE_METHOD_MATCH = YES;
				"CODE_SIGN_IDENTITY[sdk=iphoneos*]" = "iPhone Developer";
				COPY_PHASE_STRIP = NO;
				DEBUG_INFORMATION_FORMAT = "dwarf-with-dsym";
				ENABLE_NS_ASSERTIONS = NO;
				ENABLE_STRICT_OBJC_MSGSEND = YES;
				GCC_C_LANGUAGE_STANDARD = gnu99;
				GCC_NO_COMMON_BLOCKS = YES;
				GCC_WARN_64_TO_32_BIT_CONVERSION = YES;
				GCC_WARN_ABOUT_RETURN_TYPE = YES_ERROR;
				GCC_WARN_UNDECLARED_SELECTOR = YES;
				GCC_WARN_UNINITIALIZED_AUTOS = YES_AGGRESSIVE;
				GCC_WARN_UNUSED_FUNCTION = YES;
				GCC_WARN_UNUSED_VARIABLE = YES;
				IPHONEOS_DEPLOYMENT_TARGET = 10.0;
				MTL_ENABLE_DEBUG_INFO = NO;
				SDKROOT = iphoneos;
				SWIFT_OPTIMIZATION_LEVEL = "-Owholemodule";
				VALIDATE_PRODUCT = YES;
			};
			name = Release;
		};
		9BB5B4281DBEC6600073A955 /* Debug */ = {
			isa = XCBuildConfiguration;
			baseConfigurationReference = 95EE7484E53ABEB7680B1BAA /* Pods-DropBoxSync.debug.xcconfig */;
			buildSettings = {
				ALWAYS_EMBED_SWIFT_STANDARD_LIBRARIES = YES;
				ASSETCATALOG_COMPILER_APPICON_NAME = AppIcon;
				CODE_SIGN_ENTITLEMENTS = DropBoxSync/DropBoxSync.entitlements;
				DEVELOPMENT_TEAM = D95EZ83BDJ;
				INFOPLIST_FILE = DropBoxSync/Info.plist;
				LD_RUNPATH_SEARCH_PATHS = "$(inherited) @executable_path/Frameworks";
				PRODUCT_BUNDLE_IDENTIFIER = Erdos.DropBoxSync;
				PRODUCT_NAME = "$(TARGET_NAME)";
				SWIFT_VERSION = 3.0;
			};
			name = Debug;
		};
		9BB5B4291DBEC6600073A955 /* Release */ = {
			isa = XCBuildConfiguration;
			baseConfigurationReference = C27635F0F72E8EDA39F98D19 /* Pods-DropBoxSync.release.xcconfig */;
			buildSettings = {
				ALWAYS_EMBED_SWIFT_STANDARD_LIBRARIES = YES;
				ASSETCATALOG_COMPILER_APPICON_NAME = AppIcon;
				CODE_SIGN_ENTITLEMENTS = DropBoxSync/DropBoxSync.entitlements;
				DEVELOPMENT_TEAM = D95EZ83BDJ;
				INFOPLIST_FILE = DropBoxSync/Info.plist;
				LD_RUNPATH_SEARCH_PATHS = "$(inherited) @executable_path/Frameworks";
				PRODUCT_BUNDLE_IDENTIFIER = Erdos.DropBoxSync;
				PRODUCT_NAME = "$(TARGET_NAME)";
				SWIFT_VERSION = 3.0;
			};
			name = Release;
		};
/* End XCBuildConfiguration section */

/* Begin XCConfigurationList section */
		9BB5B4101DBEC6600073A955 /* Build configuration list for PBXProject "DropboxSync" */ = {
			isa = XCConfigurationList;
			buildConfigurations = (
				9BB5B4251DBEC6600073A955 /* Debug */,
				9BB5B4261DBEC6600073A955 /* Release */,
			);
			defaultConfigurationIsVisible = 0;
			defaultConfigurationName = Release;
		};
		9BB5B4271DBEC6600073A955 /* Build configuration list for PBXNativeTarget "DropBoxSync" */ = {
			isa = XCConfigurationList;
			buildConfigurations = (
				9BB5B4281DBEC6600073A955 /* Debug */,
				9BB5B4291DBEC6600073A955 /* Release */,
			);
			defaultConfigurationIsVisible = 0;
			defaultConfigurationName = Release;
		};
/* End XCConfigurationList section */
	};
	rootObject = 9BB5B40D1DBEC6600073A955 /* Project object */;
}
